
Microsoft Visual Studio Solution File, Format Version 12.00
# Visual Studio Version 17
VisualStudioVersion = 17.7.34202.233
MinimumVisualStudioVersion = 10.0.40219.1
Project("{FAE04EC0-301F-11D3-BF4B-00C04F79EFBC}") = "ConsoleChatGpt", "ConsoleChatGpt\ConsoleChatGpt.csproj", "{EF0C5B7D-AB0C-4DD6-B2DA-AF854B723E16}"
EndProject
Global
	GlobalSection(SolutionConfigurationPlatforms) = preSolution
		Debug|Any CPU = Debug|Any CPU
		Release|Any CPU = Release|Any CPU
	EndGlobalSection
	GlobalSection(ProjectConfigurationPlatforms) = postSolution
		{EF0C5B7D-AB0C-4DD6-B2DA-AF854B723E16}.Debug|Any CPU.ActiveCfg = Debug|Any CPU
		{EF0C5B7D-AB0C-4DD6-B2DA-AF854B723E16}.Debug|Any CPU.Build.0 = Debug|Any CPU
		{EF0C5B7D-AB0C-4DD6-B2DA-AF854B723E16}.Release|Any CPU.ActiveCfg = Release|Any CPU
		{EF0C5B7D-AB0C-4DD6-B2DA-AF854B723E16}.Release|Any CPU.Build.0 = Release|Any CPU
	EndGlobalSection
	GlobalSection(SolutionProperties) = preSolution
		HideSolutionNode = FALSE
	EndGlobalSection
	GlobalSection(ExtensibilityGlobals) = postSolution
		SolutionGuid = {BF62CA3A-F3EC-4287-9609-F73DF9030182}
	EndGlobalSection
EndGlobal
